// !$*UTF8*$!
{
	archiveVersion = 1;
	classes = {
	};
	objectVersion = 56;
	objects = {

/* Begin PBXBuildFile section */
		F719050D2C6E0414000D53B2 /* EmojiCollectionViewCell.swift in Sources */ = {isa = PBXBuildFile; fileRef = F719050C2C6E0414000D53B2 /* EmojiCollectionViewCell.swift */; };
		F719050F2C6E06B1000D53B2 /* ColorCollectionViewCell.swift in Sources */ = {isa = PBXBuildFile; fileRef = F719050E2C6E06B1000D53B2 /* ColorCollectionViewCell.swift */; };
		F71905112C6E0814000D53B2 /* SettingCollectionViewHeader.swift in Sources */ = {isa = PBXBuildFile; fileRef = F71905102C6E0814000D53B2 /* SettingCollectionViewHeader.swift */; };
		F732DB8C2C6F835C00E7FFFE /* DateModel.xcdatamodeld in Sources */ = {isa = PBXBuildFile; fileRef = F732DB8A2C6F835C00E7FFFE /* DateModel.xcdatamodeld */; };
		F732DB8E2C6F865000E7FFFE /* DaysValueTransformer.swift in Sources */ = {isa = PBXBuildFile; fileRef = F732DB8D2C6F865000E7FFFE /* DaysValueTransformer.swift */; };
		F732DB992C73829500E7FFFE /* Store.swift in Sources */ = {isa = PBXBuildFile; fileRef = F732DB982C73829500E7FFFE /* Store.swift */; };
		F732DBA42C7BAC7B00E7FFFE /* TrackerStore.swift in Sources */ = {isa = PBXBuildFile; fileRef = F732DBA32C7BAC7B00E7FFFE /* TrackerStore.swift */; };
		F732DBA62C7BAC8E00E7FFFE /* TrackerRecordStore.swift in Sources */ = {isa = PBXBuildFile; fileRef = F732DBA52C7BAC8E00E7FFFE /* TrackerRecordStore.swift */; };
		F732DBA82C7BACA200E7FFFE /* TrackerCategoryStore.swift in Sources */ = {isa = PBXBuildFile; fileRef = F732DBA72C7BACA200E7FFFE /* TrackerCategoryStore.swift */; };
		F732DBFC2C8B462400E7FFFE /* OnboardingViewController.swift in Sources */ = {isa = PBXBuildFile; fileRef = F732DBFB2C8B462300E7FFFE /* OnboardingViewController.swift */; };
		F732DBFE2C8B473100E7FFFE /* OnboardingScreen.swift in Sources */ = {isa = PBXBuildFile; fileRef = F732DBFD2C8B473100E7FFFE /* OnboardingScreen.swift */; };
		F732DC202C8F49C100E7FFFE /* CategoryTrackerViewModel.swift in Sources */ = {isa = PBXBuildFile; fileRef = F732DC1F2C8F49C100E7FFFE /* CategoryTrackerViewModel.swift */; };
		F732DC242C8F86BC00E7FFFE /* Constants.swift in Sources */ = {isa = PBXBuildFile; fileRef = F732DC232C8F86BC00E7FFFE /* Constants.swift */; };
		F732DC322C91EB2400E7FFFE /* Localizable.strings in Resources */ = {isa = PBXBuildFile; fileRef = F732DC302C91EB2400E7FFFE /* Localizable.strings */; };
		F732DC352C91EB2F00E7FFFE /* Localizable.stringsdict in Resources */ = {isa = PBXBuildFile; fileRef = F732DC332C91EB2F00E7FFFE /* Localizable.stringsdict */; };
		F74DC6BC2C67BC5300EFBB2A /* TrackerCollectionViewHeader.swift in Sources */ = {isa = PBXBuildFile; fileRef = F74DC6BB2C67BC5300EFBB2A /* TrackerCollectionViewHeader.swift */; };
		F78AC5462C5CE13000FD78D5 /* TrackerCollectionViewCell.swift in Sources */ = {isa = PBXBuildFile; fileRef = F78AC5452C5CE13000FD78D5 /* TrackerCollectionViewCell.swift */; };
		F78AC5482C60D67700FD78D5 /* CreatingTrackerViewController.swift in Sources */ = {isa = PBXBuildFile; fileRef = F78AC5472C60D67600FD78D5 /* CreatingTrackerViewController.swift */; };
		F78AC54A2C60DB7500FD78D5 /* CustomBlakButton.swift in Sources */ = {isa = PBXBuildFile; fileRef = F78AC5492C60DB7500FD78D5 /* CustomBlakButton.swift */; };
		F78AC54D2C60EA8D00FD78D5 /* Colors + Extension.swift in Sources */ = {isa = PBXBuildFile; fileRef = F78AC54C2C60EA8D00FD78D5 /* Colors + Extension.swift */; };
		F78AC54F2C60FA8F00FD78D5 /* CustomTitle.swift in Sources */ = {isa = PBXBuildFile; fileRef = F78AC54E2C60FA8F00FD78D5 /* CustomTitle.swift */; };
		F78AC5532C60FEE100FD78D5 /* SettingHabitViewController.swift in Sources */ = {isa = PBXBuildFile; fileRef = F78AC5522C60FEE100FD78D5 /* SettingHabitViewController.swift */; };
		F78AC5562C623C4C00FD78D5 /* ParameterTable.swift in Sources */ = {isa = PBXBuildFile; fileRef = F78AC5552C623C4B00FD78D5 /* ParameterTable.swift */; };
		F78AC5582C623DF000FD78D5 /* TypseTrackerCell.swift in Sources */ = {isa = PBXBuildFile; fileRef = F78AC5572C623DF000FD78D5 /* TypseTrackerCell.swift */; };
		F78AC55B2C63532E00FD78D5 /* HabitScheduleViewController.swift in Sources */ = {isa = PBXBuildFile; fileRef = F78AC55A2C63532E00FD78D5 /* HabitScheduleViewController.swift */; };
		F78AC55D2C6358C600FD78D5 /* DayWeekCell.swift in Sources */ = {isa = PBXBuildFile; fileRef = F78AC55C2C6358C600FD78D5 /* DayWeekCell.swift */; };
		F78AC55F2C64D44700FD78D5 /* CategoryTrackerViewController.swift in Sources */ = {isa = PBXBuildFile; fileRef = F78AC55E2C64D44700FD78D5 /* CategoryTrackerViewController.swift */; };
		F78AC5612C64DA3C00FD78D5 /* NoDataView.swift in Sources */ = {isa = PBXBuildFile; fileRef = F78AC5602C64DA3C00FD78D5 /* NoDataView.swift */; };
		F78AC5632C64E56900FD78D5 /* NewCategoryViewController.swift in Sources */ = {isa = PBXBuildFile; fileRef = F78AC5622C64E56900FD78D5 /* NewCategoryViewController.swift */; };
		F78AC5652C64E6E800FD78D5 /* CustomTextFiel.swift in Sources */ = {isa = PBXBuildFile; fileRef = F78AC5642C64E6E800FD78D5 /* CustomTextFiel.swift */; };
		F7D0C69F2C5248E500262406 /* AppDelegate.swift in Sources */ = {isa = PBXBuildFile; fileRef = F7D0C69E2C5248E500262406 /* AppDelegate.swift */; };
		F7D0C6A12C5248E500262406 /* SceneDelegate.swift in Sources */ = {isa = PBXBuildFile; fileRef = F7D0C6A02C5248E500262406 /* SceneDelegate.swift */; };
		F7D0C6A32C5248E500262406 /* TabBarController.swift in Sources */ = {isa = PBXBuildFile; fileRef = F7D0C6A22C5248E500262406 /* TabBarController.swift */; };
		F7D0C6A82C5248E900262406 /* Assets.xcassets in Resources */ = {isa = PBXBuildFile; fileRef = F7D0C6A72C5248E900262406 /* Assets.xcassets */; };
		F7D0C6AB2C5248E900262406 /* Base in Resources */ = {isa = PBXBuildFile; fileRef = F7D0C6AA2C5248E900262406 /* Base */; };
		F7D0C6D32C526A2900262406 /* TrackerViewController.swift in Sources */ = {isa = PBXBuildFile; fileRef = F7D0C6D22C526A2900262406 /* TrackerViewController.swift */; };
		F7D0C6D52C526A5000262406 /* StaticticsViewController.swift in Sources */ = {isa = PBXBuildFile; fileRef = F7D0C6D42C526A5000262406 /* StaticticsViewController.swift */; };
		F7D0C71E2C5922B200262406 /* Tracker.swift in Sources */ = {isa = PBXBuildFile; fileRef = F7D0C71D2C5922B200262406 /* Tracker.swift */; };
		F7D0C7202C5922BD00262406 /* TrackerCategory.swift in Sources */ = {isa = PBXBuildFile; fileRef = F7D0C71F2C5922BD00262406 /* TrackerCategory.swift */; };
		F7D0C7222C5922C700262406 /* TrackerRecord.swift in Sources */ = {isa = PBXBuildFile; fileRef = F7D0C7212C5922C700262406 /* TrackerRecord.swift */; };
		F7EDFACB2C989DA8000F7094 /* FilterViewController.swift in Sources */ = {isa = PBXBuildFile; fileRef = F7EDFACA2C989DA8000F7094 /* FilterViewController.swift */; };
		F7EDFACD2C9C5097000F7094 /* LargeTitle.swift in Sources */ = {isa = PBXBuildFile; fileRef = F7EDFACC2C9C5097000F7094 /* LargeTitle.swift */; };
		F7EDFAD22C9D5780000F7094 /* StatisticElementView.swift in Sources */ = {isa = PBXBuildFile; fileRef = F7EDFAD12C9D5780000F7094 /* StatisticElementView.swift */; };
		F7EDFAD42C9D61D6000F7094 /* GradientBoarderView.swift in Sources */ = {isa = PBXBuildFile; fileRef = F7EDFAD32C9D61D6000F7094 /* GradientBoarderView.swift */; };
/* End PBXBuildFile section */

/* Begin PBXFileReference section */
		F719050C2C6E0414000D53B2 /* EmojiCollectionViewCell.swift */ = {isa = PBXFileReference; lastKnownFileType = sourcecode.swift; path = EmojiCollectionViewCell.swift; sourceTree = "<group>"; };
		F719050E2C6E06B1000D53B2 /* ColorCollectionViewCell.swift */ = {isa = PBXFileReference; lastKnownFileType = sourcecode.swift; path = ColorCollectionViewCell.swift; sourceTree = "<group>"; };
		F71905102C6E0814000D53B2 /* SettingCollectionViewHeader.swift */ = {isa = PBXFileReference; lastKnownFileType = sourcecode.swift; path = SettingCollectionViewHeader.swift; sourceTree = "<group>"; };
		F732DB8B2C6F835C00E7FFFE /* DateModel.xcdatamodel */ = {isa = PBXFileReference; lastKnownFileType = wrapper.xcdatamodel; path = DateModel.xcdatamodel; sourceTree = "<group>"; };
		F732DB8D2C6F865000E7FFFE /* DaysValueTransformer.swift */ = {isa = PBXFileReference; lastKnownFileType = sourcecode.swift; path = DaysValueTransformer.swift; sourceTree = "<group>"; };
		F732DB982C73829500E7FFFE /* Store.swift */ = {isa = PBXFileReference; lastKnownFileType = sourcecode.swift; path = Store.swift; sourceTree = "<group>"; };
		F732DBA32C7BAC7B00E7FFFE /* TrackerStore.swift */ = {isa = PBXFileReference; lastKnownFileType = sourcecode.swift; path = TrackerStore.swift; sourceTree = "<group>"; };
		F732DBA52C7BAC8E00E7FFFE /* TrackerRecordStore.swift */ = {isa = PBXFileReference; lastKnownFileType = sourcecode.swift; path = TrackerRecordStore.swift; sourceTree = "<group>"; };
		F732DBA72C7BACA200E7FFFE /* TrackerCategoryStore.swift */ = {isa = PBXFileReference; lastKnownFileType = sourcecode.swift; path = TrackerCategoryStore.swift; sourceTree = "<group>"; };
		F732DBFB2C8B462300E7FFFE /* OnboardingViewController.swift */ = {isa = PBXFileReference; lastKnownFileType = sourcecode.swift; path = OnboardingViewController.swift; sourceTree = "<group>"; };
		F732DBFD2C8B473100E7FFFE /* OnboardingScreen.swift */ = {isa = PBXFileReference; lastKnownFileType = sourcecode.swift; path = OnboardingScreen.swift; sourceTree = "<group>"; };
		F732DC1F2C8F49C100E7FFFE /* CategoryTrackerViewModel.swift */ = {isa = PBXFileReference; lastKnownFileType = sourcecode.swift; path = CategoryTrackerViewModel.swift; sourceTree = "<group>"; };
		F732DC232C8F86BC00E7FFFE /* Constants.swift */ = {isa = PBXFileReference; lastKnownFileType = sourcecode.swift; path = Constants.swift; sourceTree = "<group>"; };
		F732DC312C91EB2400E7FFFE /* en */ = {isa = PBXFileReference; lastKnownFileType = text.plist.strings; name = en; path = en.lproj/Localizable.strings; sourceTree = "<group>"; };
		F732DC342C91EB2F00E7FFFE /* en */ = {isa = PBXFileReference; lastKnownFileType = text.plist.stringsdict; name = en; path = en.lproj/Localizable.stringsdict; sourceTree = "<group>"; };
		F732DC362C91FD6500E7FFFE /* ru */ = {isa = PBXFileReference; lastKnownFileType = text.plist.strings; name = ru; path = ru.lproj/LaunchScreen.strings; sourceTree = "<group>"; };
		F732DC372C91FD6500E7FFFE /* ru */ = {isa = PBXFileReference; lastKnownFileType = text.plist.strings; name = ru; path = ru.lproj/Localizable.strings; sourceTree = "<group>"; };
		F732DC382C91FD6500E7FFFE /* ru */ = {isa = PBXFileReference; lastKnownFileType = text.plist.stringsdict; name = ru; path = ru.lproj/Localizable.stringsdict; sourceTree = "<group>"; };
		F732DC392C91FD7E00E7FFFE /* de */ = {isa = PBXFileReference; lastKnownFileType = text.plist.strings; name = de; path = de.lproj/LaunchScreen.strings; sourceTree = "<group>"; };
		F732DC3A2C91FD7E00E7FFFE /* de */ = {isa = PBXFileReference; lastKnownFileType = text.plist.strings; name = de; path = de.lproj/Localizable.strings; sourceTree = "<group>"; };
		F732DC3B2C91FD7E00E7FFFE /* de */ = {isa = PBXFileReference; lastKnownFileType = text.plist.stringsdict; name = de; path = de.lproj/Localizable.stringsdict; sourceTree = "<group>"; };
		F732DC3C2C91FD8B00E7FFFE /* ar */ = {isa = PBXFileReference; lastKnownFileType = text.plist.strings; name = ar; path = ar.lproj/LaunchScreen.strings; sourceTree = "<group>"; };
		F732DC3D2C91FD8B00E7FFFE /* ar */ = {isa = PBXFileReference; lastKnownFileType = text.plist.strings; name = ar; path = ar.lproj/Localizable.strings; sourceTree = "<group>"; };
		F732DC3E2C91FD8B00E7FFFE /* ar */ = {isa = PBXFileReference; lastKnownFileType = text.plist.stringsdict; name = ar; path = ar.lproj/Localizable.stringsdict; sourceTree = "<group>"; };
		F74DC6BB2C67BC5300EFBB2A /* TrackerCollectionViewHeader.swift */ = {isa = PBXFileReference; lastKnownFileType = sourcecode.swift; path = TrackerCollectionViewHeader.swift; sourceTree = "<group>"; };
		F78AC5452C5CE13000FD78D5 /* TrackerCollectionViewCell.swift */ = {isa = PBXFileReference; lastKnownFileType = sourcecode.swift; path = TrackerCollectionViewCell.swift; sourceTree = "<group>"; };
		F78AC5472C60D67600FD78D5 /* CreatingTrackerViewController.swift */ = {isa = PBXFileReference; lastKnownFileType = sourcecode.swift; path = CreatingTrackerViewController.swift; sourceTree = "<group>"; };
		F78AC5492C60DB7500FD78D5 /* CustomBlakButton.swift */ = {isa = PBXFileReference; lastKnownFileType = sourcecode.swift; path = CustomBlakButton.swift; sourceTree = "<group>"; };
		F78AC54C2C60EA8D00FD78D5 /* Colors + Extension.swift */ = {isa = PBXFileReference; lastKnownFileType = sourcecode.swift; path = "Colors + Extension.swift"; sourceTree = "<group>"; };
		F78AC54E2C60FA8F00FD78D5 /* CustomTitle.swift */ = {isa = PBXFileReference; lastKnownFileType = sourcecode.swift; path = CustomTitle.swift; sourceTree = "<group>"; };
		F78AC5522C60FEE100FD78D5 /* SettingHabitViewController.swift */ = {isa = PBXFileReference; lastKnownFileType = sourcecode.swift; path = SettingHabitViewController.swift; sourceTree = "<group>"; };
		F78AC5552C623C4B00FD78D5 /* ParameterTable.swift */ = {isa = PBXFileReference; lastKnownFileType = sourcecode.swift; path = ParameterTable.swift; sourceTree = "<group>"; };
		F78AC5572C623DF000FD78D5 /* TypseTrackerCell.swift */ = {isa = PBXFileReference; lastKnownFileType = sourcecode.swift; path = TypseTrackerCell.swift; sourceTree = "<group>"; };
		F78AC55A2C63532E00FD78D5 /* HabitScheduleViewController.swift */ = {isa = PBXFileReference; lastKnownFileType = sourcecode.swift; path = HabitScheduleViewController.swift; sourceTree = "<group>"; };
		F78AC55C2C6358C600FD78D5 /* DayWeekCell.swift */ = {isa = PBXFileReference; lastKnownFileType = sourcecode.swift; path = DayWeekCell.swift; sourceTree = "<group>"; };
		F78AC55E2C64D44700FD78D5 /* CategoryTrackerViewController.swift */ = {isa = PBXFileReference; lastKnownFileType = sourcecode.swift; path = CategoryTrackerViewController.swift; sourceTree = "<group>"; };
		F78AC5602C64DA3C00FD78D5 /* NoDataView.swift */ = {isa = PBXFileReference; lastKnownFileType = sourcecode.swift; path = NoDataView.swift; sourceTree = "<group>"; };
		F78AC5622C64E56900FD78D5 /* NewCategoryViewController.swift */ = {isa = PBXFileReference; lastKnownFileType = sourcecode.swift; path = NewCategoryViewController.swift; sourceTree = "<group>"; };
		F78AC5642C64E6E800FD78D5 /* CustomTextFiel.swift */ = {isa = PBXFileReference; lastKnownFileType = sourcecode.swift; path = CustomTextFiel.swift; sourceTree = "<group>"; };
		F7D0C69B2C5248E500262406 /* Tracker.app */ = {isa = PBXFileReference; explicitFileType = wrapper.application; includeInIndex = 0; path = Tracker.app; sourceTree = BUILT_PRODUCTS_DIR; };
		F7D0C69E2C5248E500262406 /* AppDelegate.swift */ = {isa = PBXFileReference; lastKnownFileType = sourcecode.swift; path = AppDelegate.swift; sourceTree = "<group>"; };
		F7D0C6A02C5248E500262406 /* SceneDelegate.swift */ = {isa = PBXFileReference; lastKnownFileType = sourcecode.swift; path = SceneDelegate.swift; sourceTree = "<group>"; };
		F7D0C6A22C5248E500262406 /* TabBarController.swift */ = {isa = PBXFileReference; lastKnownFileType = sourcecode.swift; path = TabBarController.swift; sourceTree = "<group>"; };
		F7D0C6A72C5248E900262406 /* Assets.xcassets */ = {isa = PBXFileReference; lastKnownFileType = folder.assetcatalog; path = Assets.xcassets; sourceTree = "<group>"; };
		F7D0C6AA2C5248E900262406 /* Base */ = {isa = PBXFileReference; lastKnownFileType = file.storyboard; name = Base; path = Base.lproj/LaunchScreen.storyboard; sourceTree = "<group>"; };
		F7D0C6AC2C5248E900262406 /* Info.plist */ = {isa = PBXFileReference; lastKnownFileType = text.plist.xml; path = Info.plist; sourceTree = "<group>"; };
		F7D0C6D22C526A2900262406 /* TrackerViewController.swift */ = {isa = PBXFileReference; lastKnownFileType = sourcecode.swift; path = TrackerViewController.swift; sourceTree = "<group>"; };
		F7D0C6D42C526A5000262406 /* StaticticsViewController.swift */ = {isa = PBXFileReference; lastKnownFileType = sourcecode.swift; path = StaticticsViewController.swift; sourceTree = "<group>"; };
		F7D0C71D2C5922B200262406 /* Tracker.swift */ = {isa = PBXFileReference; lastKnownFileType = sourcecode.swift; path = Tracker.swift; sourceTree = "<group>"; };
		F7D0C71F2C5922BD00262406 /* TrackerCategory.swift */ = {isa = PBXFileReference; lastKnownFileType = sourcecode.swift; path = TrackerCategory.swift; sourceTree = "<group>"; };
		F7D0C7212C5922C700262406 /* TrackerRecord.swift */ = {isa = PBXFileReference; lastKnownFileType = sourcecode.swift; path = TrackerRecord.swift; sourceTree = "<group>"; };
		F7EDFACA2C989DA8000F7094 /* FilterViewController.swift */ = {isa = PBXFileReference; lastKnownFileType = sourcecode.swift; path = FilterViewController.swift; sourceTree = "<group>"; };
		F7EDFACC2C9C5097000F7094 /* LargeTitle.swift */ = {isa = PBXFileReference; lastKnownFileType = sourcecode.swift; path = LargeTitle.swift; sourceTree = "<group>"; };
		F7EDFAD12C9D5780000F7094 /* StatisticElementView.swift */ = {isa = PBXFileReference; lastKnownFileType = sourcecode.swift; path = StatisticElementView.swift; sourceTree = "<group>"; };
		F7EDFAD32C9D61D6000F7094 /* GradientBoarderView.swift */ = {isa = PBXFileReference; lastKnownFileType = sourcecode.swift; path = GradientBoarderView.swift; sourceTree = "<group>"; };
/* End PBXFileReference section */

/* Begin PBXFrameworksBuildPhase section */
		F7D0C6982C5248E500262406 /* Frameworks */ = {
			isa = PBXFrameworksBuildPhase;
			buildActionMask = 2147483647;
			files = (
			);
			runOnlyForDeploymentPostprocessing = 0;
		};
/* End PBXFrameworksBuildPhase section */

/* Begin PBXGroup section */
		F71905122C6E16AA000D53B2 /* SettingCollection */ = {
			isa = PBXGroup;
			children = (
				F719050C2C6E0414000D53B2 /* EmojiCollectionViewCell.swift */,
				F719050E2C6E06B1000D53B2 /* ColorCollectionViewCell.swift */,
				F71905102C6E0814000D53B2 /* SettingCollectionViewHeader.swift */,
			);
			path = SettingCollection;
			sourceTree = "<group>";
		};
		F732DB9A2C73830F00E7FFFE /* Store */ = {
			isa = PBXGroup;
			children = (
				F732DB982C73829500E7FFFE /* Store.swift */,
				F732DBA32C7BAC7B00E7FFFE /* TrackerStore.swift */,
				F732DBA72C7BACA200E7FFFE /* TrackerCategoryStore.swift */,
				F732DBA52C7BAC8E00E7FFFE /* TrackerRecordStore.swift */,
			);
			path = Store;
			sourceTree = "<group>";
		};
		F732DBFA2C8B45F600E7FFFE /* Onboarding */ = {
			isa = PBXGroup;
			children = (
				F732DBFB2C8B462300E7FFFE /* OnboardingViewController.swift */,
				F732DBFD2C8B473100E7FFFE /* OnboardingScreen.swift */,
			);
			path = Onboarding;
			sourceTree = "<group>";
		};
		F732DC2F2C91EAFE00E7FFFE /* Resources */ = {
			isa = PBXGroup;
			children = (
				F732DC302C91EB2400E7FFFE /* Localizable.strings */,
				F732DC332C91EB2F00E7FFFE /* Localizable.stringsdict */,
			);
			path = Resources;
			sourceTree = "<group>";
		};
		F78AC54B2C60EA6700FD78D5 /* Helpers */ = {
			isa = PBXGroup;
			children = (
				F78AC5542C6220AA00FD78D5 /* UIComponents */,
				F78AC54C2C60EA8D00FD78D5 /* Colors + Extension.swift */,
				F7EDFAD32C9D61D6000F7094 /* GradientBoarderView.swift */,
			);
			path = Helpers;
			sourceTree = "<group>";
		};
		F78AC5502C60FE7A00FD78D5 /* CreatingTracker */ = {
			isa = PBXGroup;
			children = (
				F78AC5472C60D67600FD78D5 /* CreatingTrackerViewController.swift */,
				F78AC5522C60FEE100FD78D5 /* SettingHabitViewController.swift */,
				F71905122C6E16AA000D53B2 /* SettingCollection */,
				F78AC55A2C63532E00FD78D5 /* HabitScheduleViewController.swift */,
				F78AC55E2C64D44700FD78D5 /* CategoryTrackerViewController.swift */,
				F732DC1F2C8F49C100E7FFFE /* CategoryTrackerViewModel.swift */,
				F78AC5622C64E56900FD78D5 /* NewCategoryViewController.swift */,
				F78AC5592C634E2600FD78D5 /* TableView */,
			);
			path = CreatingTracker;
			sourceTree = "<group>";
		};
		F78AC5512C60FE8E00FD78D5 /* Tracker */ = {
			isa = PBXGroup;
			children = (
				F7D0C6D22C526A2900262406 /* TrackerViewController.swift */,
				F7EDFACA2C989DA8000F7094 /* FilterViewController.swift */,
				F7EDFAC92C989D5F000F7094 /* CollectionView */,
			);
			path = Tracker;
			sourceTree = "<group>";
		};
		F78AC5542C6220AA00FD78D5 /* UIComponents */ = {
			isa = PBXGroup;
			children = (
				F78AC5492C60DB7500FD78D5 /* CustomBlakButton.swift */,
				F78AC5602C64DA3C00FD78D5 /* NoDataView.swift */,
				F78AC54E2C60FA8F00FD78D5 /* CustomTitle.swift */,
				F7EDFACC2C9C5097000F7094 /* LargeTitle.swift */,
				F78AC5642C64E6E800FD78D5 /* CustomTextFiel.swift */,
				F7EDFAD12C9D5780000F7094 /* StatisticElementView.swift */,
			);
			path = UIComponents;
			sourceTree = "<group>";
		};
		F78AC5592C634E2600FD78D5 /* TableView */ = {
			isa = PBXGroup;
			children = (
				F78AC5552C623C4B00FD78D5 /* ParameterTable.swift */,
				F78AC5572C623DF000FD78D5 /* TypseTrackerCell.swift */,
				F78AC55C2C6358C600FD78D5 /* DayWeekCell.swift */,
			);
			path = TableView;
			sourceTree = "<group>";
		};
		F7D0C6922C5248E500262406 = {
			isa = PBXGroup;
			children = (
				F7D0C69D2C5248E500262406 /* Tracker */,
				F7D0C69C2C5248E500262406 /* Products */,
			);
			sourceTree = "<group>";
		};
		F7D0C69C2C5248E500262406 /* Products */ = {
			isa = PBXGroup;
			children = (
				F7D0C69B2C5248E500262406 /* Tracker.app */,
			);
			name = Products;
			sourceTree = "<group>";
		};
		F7D0C69D2C5248E500262406 /* Tracker */ = {
			isa = PBXGroup;
			children = (
				F7D0C69E2C5248E500262406 /* AppDelegate.swift */,
				F732DB8A2C6F835C00E7FFFE /* DateModel.xcdatamodeld */,
				F732DB8D2C6F865000E7FFFE /* DaysValueTransformer.swift */,
				F732DC232C8F86BC00E7FFFE /* Constants.swift */,
				F7D0C6A02C5248E500262406 /* SceneDelegate.swift */,
				F7D0C6A22C5248E500262406 /* TabBarController.swift */,
				F732DB9A2C73830F00E7FFFE /* Store */,
				F78AC5502C60FE7A00FD78D5 /* CreatingTracker */,
				F78AC5512C60FE8E00FD78D5 /* Tracker */,
				F7D0C6D42C526A5000262406 /* StaticticsViewController.swift */,
				F7D0C71C2C59226D00262406 /* Structures */,
				F732DBFA2C8B45F600E7FFFE /* Onboarding */,
				F78AC54B2C60EA6700FD78D5 /* Helpers */,
				F732DC2F2C91EAFE00E7FFFE /* Resources */,
				F7D0C6A72C5248E900262406 /* Assets.xcassets */,
				F7D0C6A92C5248E900262406 /* LaunchScreen.storyboard */,
				F7D0C6AC2C5248E900262406 /* Info.plist */,
			);
			path = Tracker;
			sourceTree = "<group>";
		};
		F7D0C71C2C59226D00262406 /* Structures */ = {
			isa = PBXGroup;
			children = (
				F7D0C71D2C5922B200262406 /* Tracker.swift */,
				F7D0C71F2C5922BD00262406 /* TrackerCategory.swift */,
				F7D0C7212C5922C700262406 /* TrackerRecord.swift */,
			);
			path = Structures;
			sourceTree = "<group>";
		};
		F7EDFAC92C989D5F000F7094 /* CollectionView */ = {
			isa = PBXGroup;
			children = (
				F78AC5452C5CE13000FD78D5 /* TrackerCollectionViewCell.swift */,
				F74DC6BB2C67BC5300EFBB2A /* TrackerCollectionViewHeader.swift */,
			);
			path = CollectionView;
			sourceTree = "<group>";
		};
/* End PBXGroup section */

/* Begin PBXNativeTarget section */
		F7D0C69A2C5248E500262406 /* Tracker */ = {
			isa = PBXNativeTarget;
			buildConfigurationList = F7D0C6AF2C5248E900262406 /* Build configuration list for PBXNativeTarget "Tracker" */;
			buildPhases = (
				F7D0C6972C5248E500262406 /* Sources */,
				F7D0C6982C5248E500262406 /* Frameworks */,
				F7D0C6992C5248E500262406 /* Resources */,
			);
			buildRules = (
			);
			dependencies = (
			);
			name = Tracker;
			productName = Tracker;
			productReference = F7D0C69B2C5248E500262406 /* Tracker.app */;
			productType = "com.apple.product-type.application";
		};
/* End PBXNativeTarget section */

/* Begin PBXProject section */
		F7D0C6932C5248E500262406 /* Project object */ = {
			isa = PBXProject;
			attributes = {
				BuildIndependentTargetsInParallel = 1;
				LastSwiftUpdateCheck = 1540;
				LastUpgradeCheck = 1540;
				TargetAttributes = {
					F7D0C69A2C5248E500262406 = {
						CreatedOnToolsVersion = 15.4;
					};
				};
			};
			buildConfigurationList = F7D0C6962C5248E500262406 /* Build configuration list for PBXProject "Tracker" */;
			compatibilityVersion = "Xcode 14.0";
			developmentRegion = en;
			hasScannedForEncodings = 0;
			knownRegions = (
				en,
				Base,
				ru,
				de,
				ar,
			);
			mainGroup = F7D0C6922C5248E500262406;
			productRefGroup = F7D0C69C2C5248E500262406 /* Products */;
			projectDirPath = "";
			projectRoot = "";
			targets = (
				F7D0C69A2C5248E500262406 /* Tracker */,
			);
		};
/* End PBXProject section */

/* Begin PBXResourcesBuildPhase section */
		F7D0C6992C5248E500262406 /* Resources */ = {
			isa = PBXResourcesBuildPhase;
			buildActionMask = 2147483647;
			files = (
				F7D0C6A82C5248E900262406 /* Assets.xcassets in Resources */,
				F732DC352C91EB2F00E7FFFE /* Localizable.stringsdict in Resources */,
				F732DC322C91EB2400E7FFFE /* Localizable.strings in Resources */,
				F7D0C6AB2C5248E900262406 /* Base in Resources */,
			);
			runOnlyForDeploymentPostprocessing = 0;
		};
/* End PBXResourcesBuildPhase section */

/* Begin PBXSourcesBuildPhase section */
		F7D0C6972C5248E500262406 /* Sources */ = {
			isa = PBXSourcesBuildPhase;
			buildActionMask = 2147483647;
			files = (
				F78AC5482C60D67700FD78D5 /* CreatingTrackerViewController.swift in Sources */,
				F78AC54D2C60EA8D00FD78D5 /* Colors + Extension.swift in Sources */,
				F71905112C6E0814000D53B2 /* SettingCollectionViewHeader.swift in Sources */,
				F7D0C71E2C5922B200262406 /* Tracker.swift in Sources */,
				F719050F2C6E06B1000D53B2 /* ColorCollectionViewCell.swift in Sources */,
				F7D0C7222C5922C700262406 /* TrackerRecord.swift in Sources */,
				F78AC5632C64E56900FD78D5 /* NewCategoryViewController.swift in Sources */,
				F7D0C6D52C526A5000262406 /* StaticticsViewController.swift in Sources */,
				F78AC5612C64DA3C00FD78D5 /* NoDataView.swift in Sources */,
				F732DB8E2C6F865000E7FFFE /* DaysValueTransformer.swift in Sources */,
				F7EDFACB2C989DA8000F7094 /* FilterViewController.swift in Sources */,
				F78AC54F2C60FA8F00FD78D5 /* CustomTitle.swift in Sources */,
				F732DB8C2C6F835C00E7FFFE /* DateModel.xcdatamodeld in Sources */,
				F732DBA82C7BACA200E7FFFE /* TrackerCategoryStore.swift in Sources */,
				F78AC5582C623DF000FD78D5 /* TypseTrackerCell.swift in Sources */,
				F7D0C6A32C5248E500262406 /* TabBarController.swift in Sources */,
				F732DBA42C7BAC7B00E7FFFE /* TrackerStore.swift in Sources */,
				F78AC5652C64E6E800FD78D5 /* CustomTextFiel.swift in Sources */,
				F78AC55B2C63532E00FD78D5 /* HabitScheduleViewController.swift in Sources */,
				F78AC5462C5CE13000FD78D5 /* TrackerCollectionViewCell.swift in Sources */,
				F78AC5532C60FEE100FD78D5 /* SettingHabitViewController.swift in Sources */,
				F732DBFE2C8B473100E7FFFE /* OnboardingScreen.swift in Sources */,
				F732DC202C8F49C100E7FFFE /* CategoryTrackerViewModel.swift in Sources */,
				F719050D2C6E0414000D53B2 /* EmojiCollectionViewCell.swift in Sources */,
				F74DC6BC2C67BC5300EFBB2A /* TrackerCollectionViewHeader.swift in Sources */,
				F7EDFAD42C9D61D6000F7094 /* GradientBoarderView.swift in Sources */,
				F732DBA62C7BAC8E00E7FFFE /* TrackerRecordStore.swift in Sources */,
				F78AC5562C623C4C00FD78D5 /* ParameterTable.swift in Sources */,
				F78AC55D2C6358C600FD78D5 /* DayWeekCell.swift in Sources */,
				F78AC55F2C64D44700FD78D5 /* CategoryTrackerViewController.swift in Sources */,
				F7D0C69F2C5248E500262406 /* AppDelegate.swift in Sources */,
				F78AC54A2C60DB7500FD78D5 /* CustomBlakButton.swift in Sources */,
				F7D0C6A12C5248E500262406 /* SceneDelegate.swift in Sources */,
				F7EDFACD2C9C5097000F7094 /* LargeTitle.swift in Sources */,
				F7EDFAD22C9D5780000F7094 /* StatisticElementView.swift in Sources */,
				F7D0C6D32C526A2900262406 /* TrackerViewController.swift in Sources */,
				F732DB992C73829500E7FFFE /* Store.swift in Sources */,
				F732DBFC2C8B462400E7FFFE /* OnboardingViewController.swift in Sources */,
				F732DC242C8F86BC00E7FFFE /* Constants.swift in Sources */,
				F7D0C7202C5922BD00262406 /* TrackerCategory.swift in Sources */,
			);
			runOnlyForDeploymentPostprocessing = 0;
		};
/* End PBXSourcesBuildPhase section */

/* Begin PBXVariantGroup section */
		F732DC302C91EB2400E7FFFE /* Localizable.strings */ = {
			isa = PBXVariantGroup;
			children = (
				F732DC312C91EB2400E7FFFE /* en */,
				F732DC372C91FD6500E7FFFE /* ru */,
				F732DC3A2C91FD7E00E7FFFE /* de */,
				F732DC3D2C91FD8B00E7FFFE /* ar */,
			);
			name = Localizable.strings;
			sourceTree = "<group>";
		};
		F732DC332C91EB2F00E7FFFE /* Localizable.stringsdict */ = {
			isa = PBXVariantGroup;
			children = (
				F732DC342C91EB2F00E7FFFE /* en */,
				F732DC382C91FD6500E7FFFE /* ru */,
				F732DC3B2C91FD7E00E7FFFE /* de */,
				F732DC3E2C91FD8B00E7FFFE /* ar */,
			);
			name = Localizable.stringsdict;
			sourceTree = "<group>";
		};
		F7D0C6A92C5248E900262406 /* LaunchScreen.storyboard */ = {
			isa = PBXVariantGroup;
			children = (
				F7D0C6AA2C5248E900262406 /* Base */,
				F732DC362C91FD6500E7FFFE /* ru */,
				F732DC392C91FD7E00E7FFFE /* de */,
				F732DC3C2C91FD8B00E7FFFE /* ar */,
			);
			name = LaunchScreen.storyboard;
			sourceTree = "<group>";
		};
/* End PBXVariantGroup section */

/* Begin XCBuildConfiguration section */
		F7D0C6AD2C5248E900262406 /* Debug */ = {
			isa = XCBuildConfiguration;
			buildSettings = {
				ALWAYS_SEARCH_USER_PATHS = NO;
				ASSETCATALOG_COMPILER_GENERATE_SWIFT_ASSET_SYMBOL_EXTENSIONS = YES;
				CLANG_ANALYZER_LOCALIZABILITY_NONLOCALIZED = YES;
				CLANG_ANALYZER_NONNULL = YES;
				CLANG_ANALYZER_NUMBER_OBJECT_CONVERSION = YES_AGGRESSIVE;
				CLANG_CXX_LANGUAGE_STANDARD = "gnu++20";
				CLANG_ENABLE_MODULES = YES;
				CLANG_ENABLE_OBJC_ARC = YES;
				CLANG_ENABLE_OBJC_WEAK = YES;
				CLANG_WARN_BLOCK_CAPTURE_AUTORELEASING = YES;
				CLANG_WARN_BOOL_CONVERSION = YES;
				CLANG_WARN_COMMA = YES;
				CLANG_WARN_CONSTANT_CONVERSION = YES;
				CLANG_WARN_DEPRECATED_OBJC_IMPLEMENTATIONS = YES;
				CLANG_WARN_DIRECT_OBJC_ISA_USAGE = YES_ERROR;
				CLANG_WARN_DOCUMENTATION_COMMENTS = YES;
				CLANG_WARN_EMPTY_BODY = YES;
				CLANG_WARN_ENUM_CONVERSION = YES;
				CLANG_WARN_INFINITE_RECURSION = YES;
				CLANG_WARN_INT_CONVERSION = YES;
				CLANG_WARN_NON_LITERAL_NULL_CONVERSION = YES;
				CLANG_WARN_OBJC_IMPLICIT_RETAIN_SELF = YES;
				CLANG_WARN_OBJC_LITERAL_CONVERSION = YES;
				CLANG_WARN_OBJC_ROOT_CLASS = YES_ERROR;
				CLANG_WARN_QUOTED_INCLUDE_IN_FRAMEWORK_HEADER = YES;
				CLANG_WARN_RANGE_LOOP_ANALYSIS = YES;
				CLANG_WARN_STRICT_PROTOTYPES = YES;
				CLANG_WARN_SUSPICIOUS_MOVE = YES;
				CLANG_WARN_UNGUARDED_AVAILABILITY = YES_AGGRESSIVE;
				CLANG_WARN_UNREACHABLE_CODE = YES;
				CLANG_WARN__DUPLICATE_METHOD_MATCH = YES;
				COPY_PHASE_STRIP = NO;
				DEBUG_INFORMATION_FORMAT = dwarf;
				ENABLE_STRICT_OBJC_MSGSEND = YES;
				ENABLE_TESTABILITY = YES;
				ENABLE_USER_SCRIPT_SANDBOXING = YES;
				GCC_C_LANGUAGE_STANDARD = gnu17;
				GCC_DYNAMIC_NO_PIC = NO;
				GCC_NO_COMMON_BLOCKS = YES;
				GCC_OPTIMIZATION_LEVEL = 0;
				GCC_PREPROCESSOR_DEFINITIONS = (
					"DEBUG=1",
					"$(inherited)",
				);
				GCC_WARN_64_TO_32_BIT_CONVERSION = YES;
				GCC_WARN_ABOUT_RETURN_TYPE = YES_ERROR;
				GCC_WARN_UNDECLARED_SELECTOR = YES;
				GCC_WARN_UNINITIALIZED_AUTOS = YES_AGGRESSIVE;
				GCC_WARN_UNUSED_FUNCTION = YES;
				GCC_WARN_UNUSED_VARIABLE = YES;
				IPHONEOS_DEPLOYMENT_TARGET = 17.5;
				LOCALIZATION_PREFERS_STRING_CATALOGS = YES;
				MTL_ENABLE_DEBUG_INFO = INCLUDE_SOURCE;
				MTL_FAST_MATH = YES;
				ONLY_ACTIVE_ARCH = YES;
				SDKROOT = iphoneos;
				SWIFT_ACTIVE_COMPILATION_CONDITIONS = "DEBUG $(inherited)";
				SWIFT_OPTIMIZATION_LEVEL = "-Onone";
			};
			name = Debug;
		};
		F7D0C6AE2C5248E900262406 /* Release */ = {
			isa = XCBuildConfiguration;
			buildSettings = {
				ALWAYS_SEARCH_USER_PATHS = NO;
				ASSETCATALOG_COMPILER_GENERATE_SWIFT_ASSET_SYMBOL_EXTENSIONS = YES;
				CLANG_ANALYZER_LOCALIZABILITY_NONLOCALIZED = YES;
				CLANG_ANALYZER_NONNULL = YES;
				CLANG_ANALYZER_NUMBER_OBJECT_CONVERSION = YES_AGGRESSIVE;
				CLANG_CXX_LANGUAGE_STANDARD = "gnu++20";
				CLANG_ENABLE_MODULES = YES;
				CLANG_ENABLE_OBJC_ARC = YES;
				CLANG_ENABLE_OBJC_WEAK = YES;
				CLANG_WARN_BLOCK_CAPTURE_AUTORELEASING = YES;
				CLANG_WARN_BOOL_CONVERSION = YES;
				CLANG_WARN_COMMA = YES;
				CLANG_WARN_CONSTANT_CONVERSION = YES;
				CLANG_WARN_DEPRECATED_OBJC_IMPLEMENTATIONS = YES;
				CLANG_WARN_DIRECT_OBJC_ISA_USAGE = YES_ERROR;
				CLANG_WARN_DOCUMENTATION_COMMENTS = YES;
				CLANG_WARN_EMPTY_BODY = YES;
				CLANG_WARN_ENUM_CONVERSION = YES;
				CLANG_WARN_INFINITE_RECURSION = YES;
				CLANG_WARN_INT_CONVERSION = YES;
				CLANG_WARN_NON_LITERAL_NULL_CONVERSION = YES;
				CLANG_WARN_OBJC_IMPLICIT_RETAIN_SELF = YES;
				CLANG_WARN_OBJC_LITERAL_CONVERSION = YES;
				CLANG_WARN_OBJC_ROOT_CLASS = YES_ERROR;
				CLANG_WARN_QUOTED_INCLUDE_IN_FRAMEWORK_HEADER = YES;
				CLANG_WARN_RANGE_LOOP_ANALYSIS = YES;
				CLANG_WARN_STRICT_PROTOTYPES = YES;
				CLANG_WARN_SUSPICIOUS_MOVE = YES;
				CLANG_WARN_UNGUARDED_AVAILABILITY = YES_AGGRESSIVE;
				CLANG_WARN_UNREACHABLE_CODE = YES;
				CLANG_WARN__DUPLICATE_METHOD_MATCH = YES;
				COPY_PHASE_STRIP = NO;
				DEBUG_INFORMATION_FORMAT = "dwarf-with-dsym";
				ENABLE_NS_ASSERTIONS = NO;
				ENABLE_STRICT_OBJC_MSGSEND = YES;
				ENABLE_USER_SCRIPT_SANDBOXING = YES;
				GCC_C_LANGUAGE_STANDARD = gnu17;
				GCC_NO_COMMON_BLOCKS = YES;
				GCC_WARN_64_TO_32_BIT_CONVERSION = YES;
				GCC_WARN_ABOUT_RETURN_TYPE = YES_ERROR;
				GCC_WARN_UNDECLARED_SELECTOR = YES;
				GCC_WARN_UNINITIALIZED_AUTOS = YES_AGGRESSIVE;
				GCC_WARN_UNUSED_FUNCTION = YES;
				GCC_WARN_UNUSED_VARIABLE = YES;
				IPHONEOS_DEPLOYMENT_TARGET = 17.5;
				LOCALIZATION_PREFERS_STRING_CATALOGS = YES;
				MTL_ENABLE_DEBUG_INFO = NO;
				MTL_FAST_MATH = YES;
				SDKROOT = iphoneos;
				SWIFT_COMPILATION_MODE = wholemodule;
				VALIDATE_PRODUCT = YES;
			};
			name = Release;
		};
		F7D0C6B02C5248E900262406 /* Debug */ = {
			isa = XCBuildConfiguration;
			buildSettings = {
				ASSETCATALOG_COMPILER_APPICON_NAME = AppIcon;
				ASSETCATALOG_COMPILER_GLOBAL_ACCENT_COLOR_NAME = AccentColor;
				CODE_SIGN_STYLE = Automatic;
				CURRENT_PROJECT_VERSION = 1;
				DEVELOPMENT_TEAM = 7ZZFDDKGQ2;
				GENERATE_INFOPLIST_FILE = YES;
				INFOPLIST_FILE = Tracker/Info.plist;
				INFOPLIST_KEY_UIApplicationSupportsIndirectInputEvents = YES;
				INFOPLIST_KEY_UILaunchStoryboardName = LaunchScreen;
				INFOPLIST_KEY_UIStatusBarStyle = "";
				INFOPLIST_KEY_UISupportedInterfaceOrientations = UIInterfaceOrientationPortrait;
				INFOPLIST_KEY_UISupportedInterfaceOrientations_iPad = "UIInterfaceOrientationLandscapeLeft UIInterfaceOrientationLandscapeRight UIInterfaceOrientationPortrait UIInterfaceOrientationPortraitUpsideDown";
				IPHONEOS_DEPLOYMENT_TARGET = 13.4;
				LD_RUNPATH_SEARCH_PATHS = (
					"$(inherited)",
					"@executable_path/Frameworks",
				);
				MARKETING_VERSION = 1.0;
				PRODUCT_BUNDLE_IDENTIFIER = ru.LightMoonG.Tracker;
				PRODUCT_NAME = "$(TARGET_NAME)";
				SUPPORTED_PLATFORMS = "iphoneos iphonesimulator";
				SUPPORTS_MACCATALYST = NO;
				SUPPORTS_MAC_DESIGNED_FOR_IPHONE_IPAD = NO;
				SUPPORTS_XR_DESIGNED_FOR_IPHONE_IPAD = NO;
				SWIFT_EMIT_LOC_STRINGS = YES;
				SWIFT_VERSION = 5.0;
				TARGETED_DEVICE_FAMILY = 1;
			};
			name = Debug;
		};
		F7D0C6B12C5248E900262406 /* Release */ = {
			isa = XCBuildConfiguration;
			buildSettings = {
				ASSETCATALOG_COMPILER_APPICON_NAME = AppIcon;
				ASSETCATALOG_COMPILER_GLOBAL_ACCENT_COLOR_NAME = AccentColor;
				CODE_SIGN_STYLE = Automatic;
				CURRENT_PROJECT_VERSION = 1;
				DEVELOPMENT_TEAM = 7ZZFDDKGQ2;
				GENERATE_INFOPLIST_FILE = YES;
				INFOPLIST_FILE = Tracker/Info.plist;
				INFOPLIST_KEY_UIApplicationSupportsIndirectInputEvents = YES;
				INFOPLIST_KEY_UILaunchStoryboardName = LaunchScreen;
				INFOPLIST_KEY_UIStatusBarStyle = "";
				INFOPLIST_KEY_UISupportedInterfaceOrientations = UIInterfaceOrientationPortrait;
				INFOPLIST_KEY_UISupportedInterfaceOrientations_iPad = "UIInterfaceOrientationLandscapeLeft UIInterfaceOrientationLandscapeRight UIInterfaceOrientationPortrait UIInterfaceOrientationPortraitUpsideDown";
				IPHONEOS_DEPLOYMENT_TARGET = 13.4;
				LD_RUNPATH_SEARCH_PATHS = (
					"$(inherited)",
					"@executable_path/Frameworks",
				);
				MARKETING_VERSION = 1.0;
				PRODUCT_BUNDLE_IDENTIFIER = ru.LightMoonG.Tracker;
				PRODUCT_NAME = "$(TARGET_NAME)";
				SUPPORTED_PLATFORMS = "iphoneos iphonesimulator";
				SUPPORTS_MACCATALYST = NO;
				SUPPORTS_MAC_DESIGNED_FOR_IPHONE_IPAD = NO;
				SUPPORTS_XR_DESIGNED_FOR_IPHONE_IPAD = NO;
				SWIFT_EMIT_LOC_STRINGS = YES;
				SWIFT_VERSION = 5.0;
				TARGETED_DEVICE_FAMILY = 1;
			};
			name = Release;
		};
/* End XCBuildConfiguration section */

/* Begin XCConfigurationList section */
		F7D0C6962C5248E500262406 /* Build configuration list for PBXProject "Tracker" */ = {
			isa = XCConfigurationList;
			buildConfigurations = (
				F7D0C6AD2C5248E900262406 /* Debug */,
				F7D0C6AE2C5248E900262406 /* Release */,
			);
			defaultConfigurationIsVisible = 0;
			defaultConfigurationName = Release;
		};
		F7D0C6AF2C5248E900262406 /* Build configuration list for PBXNativeTarget "Tracker" */ = {
			isa = XCConfigurationList;
			buildConfigurations = (
				F7D0C6B02C5248E900262406 /* Debug */,
				F7D0C6B12C5248E900262406 /* Release */,
			);
			defaultConfigurationIsVisible = 0;
			defaultConfigurationName = Release;
		};
/* End XCConfigurationList section */

/* Begin XCVersionGroup section */
		F732DB8A2C6F835C00E7FFFE /* DateModel.xcdatamodeld */ = {
			isa = XCVersionGroup;
			children = (
				F732DB8B2C6F835C00E7FFFE /* DateModel.xcdatamodel */,
			);
			currentVersion = F732DB8B2C6F835C00E7FFFE /* DateModel.xcdatamodel */;
			name = DateModel.xcdatamodeld;
			path = ../Tracker/DateModel.xcdatamodeld;
			sourceTree = "<group>";
			versionGroupType = wrapper.xcdatamodel;
		};
/* End XCVersionGroup section */
	};
	rootObject = F7D0C6932C5248E500262406 /* Project object */;
}
